github.com/asrx/gowsdl v0.0.0-20201127034905-fb8e9801d573 h1:nmWs411u5wfBIPSq81wUjlLL+ddGevxSlmuQX0ziJBM=
github.com/asrx/gowsdl v0.0.0-20201127034905-fb8e9801d573/go.mod h1:x/1L73ILJSQZzWf7B7jd7yKpU9VBEcc7UsyUPkPIaDo=
github.com/asrx/gowsdl v0.0.0-20201127062734-4e7f4739d3c8 h1:JbmTPL7+FLtxBlCBMU0b6wiwXHdVPUDEPB46twQ7sWA=
github.com/asrx/gowsdl v0.0.0-20201127062734-4e7f4739d3c8/go.mod h1:x/1L73ILJSQZzWf7B7jd7yKpU9VBEcc7UsyUPkPIaDo=
